hash: 9a76d6e2815f2e36c63d8e06b52967f448bb354c1b2767d4b807f52c6bcbac32
updated: 2017-01-13T18:06:51.24987143-08:00
imports:
- name: github.com/google/gopacket
  version: e1ff2c5f5c6309980abef5e9ae003a6a892fd11d
  subpackages:
  - layers
  - pcap
  - tcpassembly
- name: github.com/mattn/go-runewidth
  version: 737072b4e32b7a5018b4a7125da8d12de90e8045
- name: github.com/nsf/termbox-go
  version: abe82ce5fb7a42fbd6784a5ceb71aff977e09ed8
- name: github.com/spf13/pflag
  version: 25f8b5b07aece3207895bf19f7ab517eb3b22a40
devImports: []
