# This file is autogenerated, do not edit; changes may be undone by the next 'dep ensure'.


[[projects]]
  digest = "1:95fd14230b48a74765db94f7064f0b5617f52739a164f6d41e5b57bec5b3ff9b"
  name = "github.com/aws/aws-lambda-go"
  packages = [
    "events",
    "lambda",
    "lambda/handlertrace",
    "lambda/messages",
    "lambdacontext",
  ]
  pruneopts = "UT"
  revision = "08d251dc58f204411d79012fd6f1beefb7107fea"
  version = "v1.10.0"

[[projects]]
  branch = "master"
  digest = "1:4c4c33075b704791d6a7f09dfb55c66769e8a1dc6adf87026292d274fe8ad113"
  name = "github.com/codahale/hdrhistogram"
  packages = ["."]
  pruneopts = "UT"
  revision = "3a0bb77429bd3a61596f5e8a3172445844342120"

[[projects]]
  digest = "1:a2c1d0e43bd3baaa071d1b9ed72c27d78169b2b269f71c105ac4ba34b1be4a39"
  name = "github.com/davecgh/go-spew"
  packages = ["spew"]
  pruneopts = "UT"
  revision = "346938d642f2ec3594ed81d874461961cd0faa76"
  version = "v1.1.0"

[[projects]]
  digest = "1:5cdb16d5d50708dd62e3ed03ae66beedc4ad8c9e278047719865488eaa0d1a42"
  name = "github.com/google/gopacket"
  packages = [
    ".",
    "layers",
    "pcap",
    "tcpassembly",
  ]
  pruneopts = "UT"
  revision = "11c65f1ca9081dfea43b4f9643f5c155583b73ba"
  version = "v1.1.14"

[[projects]]
  digest = "1:31e761d97c76151dde79e9d28964a812c46efc5baee4085b86f68f0c654450de"
  name = "github.com/konsorten/go-windows-terminal-sequences"
  packages = ["."]
  pruneopts = "UT"
  revision = "f55edac94c9bbba5d6182a4be46d86a2c9b5b50e"
  version = "v1.0.2"

[[projects]]
  digest = "1:04457f9f6f3ffc5fea48e71d62f2ca256637dee0a04d710288e27e05c8b41976"
  name = "github.com/sirupsen/logrus"
  packages = ["."]
  pruneopts = "UT"
  revision = "839c75faf7f98a33d445d181f3018b5c3409a45e"
  version = "v1.4.2"

[[projects]]
  digest = "1:1b21a2b4058a779f290c7341cd93267492e0ecea6c8b54f64a4a5fd7ff131034"
  name = "github.com/spf13/pflag"
  packages = ["."]
  pruneopts = "UT"
  revision = "e57e3eeb33f795204c1ca35f56c44f83227c6e66"
  version = "v1.0.0"

[[projects]]
  branch = "master"
  digest = "1:6ed9319f79a63e30779042ef237f81770df4091866e43f84a643257384b0aefc"
  name = "golang.org/x/sys"
  packages = ["unix"]
  pruneopts = "UT"
  revision = "8097e1b27ff5e40620836729a9584e91b094b062"

[solve-meta]
  analyzer-name = "dep"
  analyzer-version = 1
  input-imports = [
    "github.com/aws/aws-lambda-go/events",
    "github.com/aws/aws-lambda-go/lambda",
    "github.com/codahale/hdrhistogram",
    "github.com/davecgh/go-spew/spew",
    "github.com/google/gopacket",
    "github.com/google/gopacket/layers",
    "github.com/google/gopacket/pcap",
    "github.com/google/gopacket/tcpassembly",
    "github.com/sirupsen/logrus",
    "github.com/spf13/pflag",
  ]
  solver-name = "gps-cdcl"
  solver-version = 1
